
Microsoft Visual Studio Solution File, Format Version 12.00
# Visual Studio 2012
Project("{FAE04EC0-301F-11D3-BF4B-00C04F79EFBC}") = "Assistant", "Assistant\Assistant.csproj", "{C02E5AF0-CB75-4788-93B5-301857360EB9}"
EndProject
Project("{FAE04EC0-301F-11D3-BF4B-00C04F79EFBC}") = "Assistant.Model", "Assistant.Model\Assistant.Model.csproj", "{2B546625-9693-489E-BB7B-2D07A86125C0}"
EndProject
Project("{FAE04EC0-301F-11D3-BF4B-00C04F79EFBC}") = "Assistant.DLL", "Assistant.DLL\Assistant.DLL.csproj", "{8795CD52-166C-403F-BE1F-C57E9788765A}"
EndProject
Project("{FAE04EC0-301F-11D3-BF4B-00C04F79EFBC}") = "Assistant.BLL", "Assistant.BLL\Assistant.BLL.csproj", "{F7173C2C-9FAC-42AC-B308-777488233B62}"
EndProject
Project("{FAE04EC0-301F-11D3-BF4B-00C04F79EFBC}") = "DBUtility", "DBUtility\DBUtility.csproj", "{FAF0CE12-131C-46CD-B9D9-9E2B80F2189F}"
EndProject
Project("{FAE04EC0-301F-11D3-BF4B-00C04F79EFBC}") = "BaseForm", "BaseForm\BaseForm.csproj", "{C9915FF2-EB20-48EF-A047-489B55565984}"
EndProject
Project("{FAE04EC0-301F-11D3-BF4B-00C04F79EFBC}") = "Help", "Help\Help.csproj", "{259A44BB-D8B9-4F25-A4BC-A17D51A28F61}"
EndProject
Project("{2150E333-8FDC-42A3-9474-1A3956D46DE8}") = "Form", "Form", "{92C4106E-CCED-44F6-8650-5675F6B64C82}"
EndProject
Project("{FAE04EC0-301F-11D3-BF4B-00C04F79EFBC}") = "Main", "Main\Main.csproj", "{502479B2-BC4E-472C-9F5B-0EE9CF3B4AE5}"
EndProject
Project("{FAE04EC0-301F-11D3-BF4B-00C04F79EFBC}") = "Manager", "Manager\Manager.csproj", "{1F8B1843-6F05-47BB-AE3B-A56614DA89A2}"
EndProject
Project("{FAE04EC0-301F-11D3-BF4B-00C04F79EFBC}") = "AddPhone", "AddPhone\AddPhone.csproj", "{F1D7EFB5-A0E0-4D91-BE26-5F32A8209178}"
EndProject
Project("{FAE04EC0-301F-11D3-BF4B-00C04F79EFBC}") = "CustomerInfoManage", "CustomerInfoManage\CustomerInfoManage.csproj", "{3FF5B4D3-62EB-4180-9C7D-99F036539805}"
EndProject
Project("{FAE04EC0-301F-11D3-BF4B-00C04F79EFBC}") = "WaterBrandManage", "WaterBrandManage\WaterBrandManage.csproj", "{6EFCE736-1237-4137-831C-18B26E0B56EC}"
EndProject
Project("{FAE04EC0-301F-11D3-BF4B-00C04F79EFBC}") = "OrderManage", "OrderManage\OrderManage.csproj", "{FF3C4621-900A-432D-AB32-5DBEEB838C38}"
EndProject
Project("{FAE04EC0-301F-11D3-BF4B-00C04F79EFBC}") = "About", "About\About.csproj", "{84A5EC8D-E8E9-4881-BF1D-406C5F469C22}"
EndProject
Project("{FAE04EC0-301F-11D3-BF4B-00C04F79EFBC}") = "WeiXin", "WeiXin\WeiXin.csproj", "{DE491A6D-712E-4DE0-AF8F-34BC9CB5B4FD}"
EndProject
Project("{FAE04EC0-301F-11D3-BF4B-00C04F79EFBC}") = "Clear", "Clear\Clear.csproj", "{59C26579-6D1C-4D91-A610-C4C6A0121803}"
EndProject
Project("{FAE04EC0-301F-11D3-BF4B-00C04F79EFBC}") = "SetPhonePwd", "SetPhonePwd\SetPhonePwd.csproj", "{DAAA57DF-1FD3-454C-A6C2-A87C9997F383}"
EndProject
Project("{FAE04EC0-301F-11D3-BF4B-00C04F79EFBC}") = "ConfigManager", "ConfigManager\ConfigManager.csproj", "{E6326FDC-0D2F-4377-891F-A4B4BA23091C}"
EndProject
Global
	GlobalSection(SolutionConfigurationPlatforms) = preSolution
		CD_ROM|Any CPU = CD_ROM|Any CPU
		CD_ROM|Mixed Platforms = CD_ROM|Mixed Platforms
		CD_ROM|x64 = CD_ROM|x64
		CD_ROM|x86 = CD_ROM|x86
		Debug|Any CPU = Debug|Any CPU
		Debug|Mixed Platforms = Debug|Mixed Platforms
		Debug|x64 = Debug|x64
		Debug|x86 = Debug|x86
		DVD-5|Any CPU = DVD-5|Any CPU
		DVD-5|Mixed Platforms = DVD-5|Mixed Platforms
		DVD-5|x64 = DVD-5|x64
		DVD-5|x86 = DVD-5|x86
		Release|Any CPU = Release|Any CPU
		Release|Mixed Platforms = Release|Mixed Platforms
		Release|x64 = Release|x64
		Release|x86 = Release|x86
		SingleImage|Any CPU = SingleImage|Any CPU
		SingleImage|Mixed Platforms = SingleImage|Mixed Platforms
		SingleImage|x64 = SingleImage|x64
		SingleImage|x86 = SingleImage|x86
	EndGlobalSection
	GlobalSection(ProjectConfigurationPlatforms) = postSolution
		{C02E5AF0-CB75-4788-93B5-301857360EB9}.CD_ROM|Any CPU.ActiveCfg = Release|Any CPU
		{C02E5AF0-CB75-4788-93B5-301857360EB9}.CD_ROM|Any CPU.Build.0 = Release|Any CPU
		{C02E5AF0-CB75-4788-93B5-301857360EB9}.CD_ROM|Mixed Platforms.ActiveCfg = Debug|x86
		{C02E5AF0-CB75-4788-93B5-301857360EB9}.CD_ROM|Mixed Platforms.Build.0 = Debug|x86
		{C02E5AF0-CB75-4788-93B5-301857360EB9}.CD_ROM|x64.ActiveCfg = Release|x64
		{C02E5AF0-CB75-4788-93B5-301857360EB9}.CD_ROM|x64.Build.0 = Release|x64
		{C02E5AF0-CB75-4788-93B5-301857360EB9}.CD_ROM|x86.ActiveCfg = Release|x86
		{C02E5AF0-CB75-4788-93B5-301857360EB9}.CD_ROM|x86.Build.0 = Release|x86
		{C02E5AF0-CB75-4788-93B5-301857360EB9}.Debug|Any CPU.ActiveCfg = Debug|Any CPU
		{C02E5AF0-CB75-4788-93B5-301857360EB9}.Debug|Any CPU.Build.0 = Debug|Any CPU
		{C02E5AF0-CB75-4788-93B5-301857360EB9}.Debug|Mixed Platforms.ActiveCfg = Debug|x86
		{C02E5AF0-CB75-4788-93B5-301857360EB9}.Debug|Mixed Platforms.Build.0 = Debug|x86
		{C02E5AF0-CB75-4788-93B5-301857360EB9}.Debug|x64.ActiveCfg = Debug|x64
		{C02E5AF0-CB75-4788-93B5-301857360EB9}.Debug|x64.Build.0 = Debug|x64
		{C02E5AF0-CB75-4788-93B5-301857360EB9}.Debug|x86.ActiveCfg = Debug|Any CPU
		{C02E5AF0-CB75-4788-93B5-301857360EB9}.Debug|x86.Build.0 = Debug|Any CPU
		{C02E5AF0-CB75-4788-93B5-301857360EB9}.DVD-5|Any CPU.ActiveCfg = Debug|Any CPU
		{C02E5AF0-CB75-4788-93B5-301857360EB9}.DVD-5|Any CPU.Build.0 = Debug|Any CPU
		{C02E5AF0-CB75-4788-93B5-301857360EB9}.DVD-5|Mixed Platforms.ActiveCfg = Debug|x86
		{C02E5AF0-CB75-4788-93B5-301857360EB9}.DVD-5|Mixed Platforms.Build.0 = Debug|x86
		{C02E5AF0-CB75-4788-93B5-301857360EB9}.DVD-5|x64.ActiveCfg = Debug|x64
		{C02E5AF0-CB75-4788-93B5-301857360EB9}.DVD-5|x64.Build.0 = Debug|x64
		{C02E5AF0-CB75-4788-93B5-301857360EB9}.DVD-5|x86.ActiveCfg = Debug|x86
		{C02E5AF0-CB75-4788-93B5-301857360EB9}.DVD-5|x86.Build.0 = Debug|x86
		{C02E5AF0-CB75-4788-93B5-301857360EB9}.Release|Any CPU.ActiveCfg = Release|Any CPU
		{C02E5AF0-CB75-4788-93B5-301857360EB9}.Release|Any CPU.Build.0 = Release|Any CPU
		{C02E5AF0-CB75-4788-93B5-301857360EB9}.Release|Mixed Platforms.ActiveCfg = Debug|x86
		{C02E5AF0-CB75-4788-93B5-301857360EB9}.Release|Mixed Platforms.Build.0 = Debug|x86
		{C02E5AF0-CB75-4788-93B5-301857360EB9}.Release|x64.ActiveCfg = Release|x64
		{C02E5AF0-CB75-4788-93B5-301857360EB9}.Release|x64.Build.0 = Release|x64
		{C02E5AF0-CB75-4788-93B5-301857360EB9}.Release|x86.ActiveCfg = Release|x86
		{C02E5AF0-CB75-4788-93B5-301857360EB9}.Release|x86.Build.0 = Release|x86
		{C02E5AF0-CB75-4788-93B5-301857360EB9}.SingleImage|Any CPU.ActiveCfg = Release|Any CPU
		{C02E5AF0-CB75-4788-93B5-301857360EB9}.SingleImage|Any CPU.Build.0 = Release|Any CPU
		{C02E5AF0-CB75-4788-93B5-301857360EB9}.SingleImage|Mixed Platforms.ActiveCfg = Debug|x86
		{C02E5AF0-CB75-4788-93B5-301857360EB9}.SingleImage|Mixed Platforms.Build.0 = Debug|x86
		{C02E5AF0-CB75-4788-93B5-301857360EB9}.SingleImage|x64.ActiveCfg = Release|x64
		{C02E5AF0-CB75-4788-93B5-301857360EB9}.SingleImage|x64.Build.0 = Release|x64
		{C02E5AF0-CB75-4788-93B5-301857360EB9}.SingleImage|x86.ActiveCfg = Release|x86
		{C02E5AF0-CB75-4788-93B5-301857360EB9}.SingleImage|x86.Build.0 = Release|x86
		{2B546625-9693-489E-BB7B-2D07A86125C0}.CD_ROM|Any CPU.ActiveCfg = Release|Any CPU
		{2B546625-9693-489E-BB7B-2D07A86125C0}.CD_ROM|Any CPU.Build.0 = Release|Any CPU
		{2B546625-9693-489E-BB7B-2D07A86125C0}.CD_ROM|Mixed Platforms.ActiveCfg = Debug|x86
		{2B546625-9693-489E-BB7B-2D07A86125C0}.CD_ROM|Mixed Platforms.Build.0 = Debug|x86
		{2B546625-9693-489E-BB7B-2D07A86125C0}.CD_ROM|x64.ActiveCfg = Release|x64
		{2B546625-9693-489E-BB7B-2D07A86125C0}.CD_ROM|x64.Build.0 = Release|x64
		{2B546625-9693-489E-BB7B-2D07A86125C0}.CD_ROM|x86.ActiveCfg = Release|x86
		{2B546625-9693-489E-BB7B-2D07A86125C0}.CD_ROM|x86.Build.0 = Release|x86
		{2B546625-9693-489E-BB7B-2D07A86125C0}.Debug|Any CPU.ActiveCfg = Debug|Any CPU
		{2B546625-9693-489E-BB7B-2D07A86125C0}.Debug|Any CPU.Build.0 = Debug|Any CPU
		{2B546625-9693-489E-BB7B-2D07A86125C0}.Debug|Mixed Platforms.ActiveCfg = Debug|x86
		{2B546625-9693-489E-BB7B-2D07A86125C0}.Debug|Mixed Platforms.Build.0 = Debug|x86
		{2B546625-9693-489E-BB7B-2D07A86125C0}.Debug|x64.ActiveCfg = Debug|x64
		{2B546625-9693-489E-BB7B-2D07A86125C0}.Debug|x64.Build.0 = Debug|x64
		{2B546625-9693-489E-BB7B-2D07A86125C0}.Debug|x86.ActiveCfg = Debug|Any CPU
		{2B546625-9693-489E-BB7B-2D07A86125C0}.Debug|x86.Build.0 = Debug|Any CPU
		{2B546625-9693-489E-BB7B-2D07A86125C0}.DVD-5|Any CPU.ActiveCfg = Debug|Any CPU
		{2B546625-9693-489E-BB7B-2D07A86125C0}.DVD-5|Any CPU.Build.0 = Debug|Any CPU
		{2B546625-9693-489E-BB7B-2D07A86125C0}.DVD-5|Mixed Platforms.ActiveCfg = Debug|x86
		{2B546625-9693-489E-BB7B-2D07A86125C0}.DVD-5|Mixed Platforms.Build.0 = Debug|x86
		{2B546625-9693-489E-BB7B-2D07A86125C0}.DVD-5|x64.ActiveCfg = Debug|x64
		{2B546625-9693-489E-BB7B-2D07A86125C0}.DVD-5|x64.Build.0 = Debug|x64
		{2B546625-9693-489E-BB7B-2D07A86125C0}.DVD-5|x86.ActiveCfg = Debug|x86
		{2B546625-9693-489E-BB7B-2D07A86125C0}.DVD-5|x86.Build.0 = Debug|x86
		{2B546625-9693-489E-BB7B-2D07A86125C0}.Release|Any CPU.ActiveCfg = Release|Any CPU
		{2B546625-9693-489E-BB7B-2D07A86125C0}.Release|Any CPU.Build.0 = Release|Any CPU
		{2B546625-9693-489E-BB7B-2D07A86125C0}.Release|Mixed Platforms.ActiveCfg = Release|x86
		{2B546625-9693-489E-BB7B-2D07A86125C0}.Release|Mixed Platforms.Build.0 = Release|x86
		{2B546625-9693-489E-BB7B-2D07A86125C0}.Release|x64.ActiveCfg = Release|x64
		{2B546625-9693-489E-BB7B-2D07A86125C0}.Release|x64.Build.0 = Release|x64
		{2B546625-9693-489E-BB7B-2D07A86125C0}.Release|x86.ActiveCfg = Release|Any CPU
		{2B546625-9693-489E-BB7B-2D07A86125C0}.Release|x86.Build.0 = Release|Any CPU
		{2B546625-9693-489E-BB7B-2D07A86125C0}.SingleImage|Any CPU.ActiveCfg = Release|Any CPU
		{2B546625-9693-489E-BB7B-2D07A86125C0}.SingleImage|Any CPU.Build.0 = Release|Any CPU
		{2B546625-9693-489E-BB7B-2D07A86125C0}.SingleImage|Mixed Platforms.ActiveCfg = Debug|x86
		{2B546625-9693-489E-BB7B-2D07A86125C0}.SingleImage|Mixed Platforms.Build.0 = Debug|x86
		{2B546625-9693-489E-BB7B-2D07A86125C0}.SingleImage|x64.ActiveCfg = Release|x64
		{2B546625-9693-489E-BB7B-2D07A86125C0}.SingleImage|x64.Build.0 = Release|x64
		{2B546625-9693-489E-BB7B-2D07A86125C0}.SingleImage|x86.ActiveCfg = Release|x86
		{2B546625-9693-489E-BB7B-2D07A86125C0}.SingleImage|x86.Build.0 = Release|x86
		{8795CD52-166C-403F-BE1F-C57E9788765A}.CD_ROM|Any CPU.ActiveCfg = Release|Any CPU
		{8795CD52-166C-403F-BE1F-C57E9788765A}.CD_ROM|Any CPU.Build.0 = Release|Any CPU
		{8795CD52-166C-403F-BE1F-C57E9788765A}.CD_ROM|Mixed Platforms.ActiveCfg = Debug|x86
		{8795CD52-166C-403F-BE1F-C57E9788765A}.CD_ROM|Mixed Platforms.Build.0 = Debug|x86
		{8795CD52-166C-403F-BE1F-C57E9788765A}.CD_ROM|x64.ActiveCfg = Release|x64
		{8795CD52-166C-403F-BE1F-C57E9788765A}.CD_ROM|x64.Build.0 = Release|x64
		{8795CD52-166C-403F-BE1F-C57E9788765A}.CD_ROM|x86.ActiveCfg = Release|x86
		{8795CD52-166C-403F-BE1F-C57E9788765A}.CD_ROM|x86.Build.0 = Release|x86
		{8795CD52-166C-403F-BE1F-C57E9788765A}.Debug|Any CPU.ActiveCfg = Debug|Any CPU
		{8795CD52-166C-403F-BE1F-C57E9788765A}.Debug|Any CPU.Build.0 = Debug|Any CPU
		{8795CD52-166C-403F-BE1F-C57E9788765A}.Debug|Mixed Platforms.ActiveCfg = Debug|x86
		{8795CD52-166C-403F-BE1F-C57E9788765A}.Debug|Mixed Platforms.Build.0 = Debug|x86
		{8795CD52-166C-403F-BE1F-C57E9788765A}.Debug|x64.ActiveCfg = Debug|x64
		{8795CD52-166C-403F-BE1F-C57E9788765A}.Debug|x64.Build.0 = Debug|x64
		{8795CD52-166C-403F-BE1F-C57E9788765A}.Debug|x86.ActiveCfg = Debug|Any CPU
		{8795CD52-166C-403F-BE1F-C57E9788765A}.Debug|x86.Build.0 = Debug|Any CPU
		{8795CD52-166C-403F-BE1F-C57E9788765A}.DVD-5|Any CPU.ActiveCfg = Debug|Any CPU
		{8795CD52-166C-403F-BE1F-C57E9788765A}.DVD-5|Any CPU.Build.0 = Debug|Any CPU
		{8795CD52-166C-403F-BE1F-C57E9788765A}.DVD-5|Mixed Platforms.ActiveCfg = Debug|x86
		{8795CD52-166C-403F-BE1F-C57E9788765A}.DVD-5|Mixed Platforms.Build.0 = Debug|x86
		{8795CD52-166C-403F-BE1F-C57E9788765A}.DVD-5|x64.ActiveCfg = Debug|x64
		{8795CD52-166C-403F-BE1F-C57E9788765A}.DVD-5|x64.Build.0 = Debug|x64
		{8795CD52-166C-403F-BE1F-C57E9788765A}.DVD-5|x86.ActiveCfg = Debug|x86
		{8795CD52-166C-403F-BE1F-C57E9788765A}.DVD-5|x86.Build.0 = Debug|x86
		{8795CD52-166C-403F-BE1F-C57E9788765A}.Release|Any CPU.ActiveCfg = Release|Any CPU
		{8795CD52-166C-403F-BE1F-C57E9788765A}.Release|Any CPU.Build.0 = Release|Any CPU
		{8795CD52-166C-403F-BE1F-C57E9788765A}.Release|Mixed Platforms.ActiveCfg = Release|x86
		{8795CD52-166C-403F-BE1F-C57E9788765A}.Release|Mixed Platforms.Build.0 = Release|x86
		{8795CD52-166C-403F-BE1F-C57E9788765A}.Release|x64.ActiveCfg = Release|x64
		{8795CD52-166C-403F-BE1F-C57E9788765A}.Release|x64.Build.0 = Release|x64
		{8795CD52-166C-403F-BE1F-C57E9788765A}.Release|x86.ActiveCfg = Release|Any CPU
		{8795CD52-166C-403F-BE1F-C57E9788765A}.Release|x86.Build.0 = Release|Any CPU
		{8795CD52-166C-403F-BE1F-C57E9788765A}.SingleImage|Any CPU.ActiveCfg = Release|Any CPU
		{8795CD52-166C-403F-BE1F-C57E9788765A}.SingleImage|Any CPU.Build.0 = Release|Any CPU
		{8795CD52-166C-403F-BE1F-C57E9788765A}.SingleImage|Mixed Platforms.ActiveCfg = Debug|x86
		{8795CD52-166C-403F-BE1F-C57E9788765A}.SingleImage|Mixed Platforms.Build.0 = Debug|x86
		{8795CD52-166C-403F-BE1F-C57E9788765A}.SingleImage|x64.ActiveCfg = Release|x64
		{8795CD52-166C-403F-BE1F-C57E9788765A}.SingleImage|x64.Build.0 = Release|x64
		{8795CD52-166C-403F-BE1F-C57E9788765A}.SingleImage|x86.ActiveCfg = Release|x86
		{8795CD52-166C-403F-BE1F-C57E9788765A}.SingleImage|x86.Build.0 = Release|x86
		{F7173C2C-9FAC-42AC-B308-777488233B62}.CD_ROM|Any CPU.ActiveCfg = Release|Any CPU
		{F7173C2C-9FAC-42AC-B308-777488233B62}.CD_ROM|Any CPU.Build.0 = Release|Any CPU
		{F7173C2C-9FAC-42AC-B308-777488233B62}.CD_ROM|Mixed Platforms.ActiveCfg = Debug|x86
		{F7173C2C-9FAC-42AC-B308-777488233B62}.CD_ROM|Mixed Platforms.Build.0 = Debug|x86
		{F7173C2C-9FAC-42AC-B308-777488233B62}.CD_ROM|x64.ActiveCfg = Release|x64
		{F7173C2C-9FAC-42AC-B308-777488233B62}.CD_ROM|x64.Build.0 = Release|x64
		{F7173C2C-9FAC-42AC-B308-777488233B62}.CD_ROM|x86.ActiveCfg = Release|x86
		{F7173C2C-9FAC-42AC-B308-777488233B62}.CD_ROM|x86.Build.0 = Release|x86
		{F7173C2C-9FAC-42AC-B308-777488233B62}.Debug|Any CPU.ActiveCfg = Debug|Any CPU
		{F7173C2C-9FAC-42AC-B308-777488233B62}.Debug|Any CPU.Build.0 = Debug|Any CPU
		{F7173C2C-9FAC-42AC-B308-777488233B62}.Debug|Mixed Platforms.ActiveCfg = Debug|x86
		{F7173C2C-9FAC-42AC-B308-777488233B62}.Debug|Mixed Platforms.Build.0 = Debug|x86
		{F7173C2C-9FAC-42AC-B308-777488233B62}.Debug|x64.ActiveCfg = Debug|x64
		{F7173C2C-9FAC-42AC-B308-777488233B62}.Debug|x64.Build.0 = Debug|x64
		{F7173C2C-9FAC-42AC-B308-777488233B62}.Debug|x86.ActiveCfg = Debug|Any CPU
		{F7173C2C-9FAC-42AC-B308-777488233B62}.Debug|x86.Build.0 = Debug|Any CPU
		{F7173C2C-9FAC-42AC-B308-777488233B62}.DVD-5|Any CPU.ActiveCfg = Debug|Any CPU
		{F7173C2C-9FAC-42AC-B308-777488233B62}.DVD-5|Any CPU.Build.0 = Debug|Any CPU
		{F7173C2C-9FAC-42AC-B308-777488233B62}.DVD-5|Mixed Platforms.ActiveCfg = Debug|x86
		{F7173C2C-9FAC-42AC-B308-777488233B62}.DVD-5|Mixed Platforms.Build.0 = Debug|x86
		{F7173C2C-9FAC-42AC-B308-777488233B62}.DVD-5|x64.ActiveCfg = Debug|x64
		{F7173C2C-9FAC-42AC-B308-777488233B62}.DVD-5|x64.Build.0 = Debug|x64
		{F7173C2C-9FAC-42AC-B308-777488233B62}.DVD-5|x86.ActiveCfg = Debug|x86
		{F7173C2C-9FAC-42AC-B308-777488233B62}.DVD-5|x86.Build.0 = Debug|x86
		{F7173C2C-9FAC-42AC-B308-777488233B62}.Release|Any CPU.ActiveCfg = Release|Any CPU
		{F7173C2C-9FAC-42AC-B308-777488233B62}.Release|Any CPU.Build.0 = Release|Any CPU
		{F7173C2C-9FAC-42AC-B308-777488233B62}.Release|Mixed Platforms.ActiveCfg = Release|x86
		{F7173C2C-9FAC-42AC-B308-777488233B62}.Release|Mixed Platforms.Build.0 = Release|x86
		{F7173C2C-9FAC-42AC-B308-777488233B62}.Release|x64.ActiveCfg = Release|x64
		{F7173C2C-9FAC-42AC-B308-777488233B62}.Release|x64.Build.0 = Release|x64
		{F7173C2C-9FAC-42AC-B308-777488233B62}.Release|x86.ActiveCfg = Release|Any CPU
		{F7173C2C-9FAC-42AC-B308-777488233B62}.Release|x86.Build.0 = Release|Any CPU
		{F7173C2C-9FAC-42AC-B308-777488233B62}.SingleImage|Any CPU.ActiveCfg = Release|Any CPU
		{F7173C2C-9FAC-42AC-B308-777488233B62}.SingleImage|Any CPU.Build.0 = Release|Any CPU
		{F7173C2C-9FAC-42AC-B308-777488233B62}.SingleImage|Mixed Platforms.ActiveCfg = Debug|x86
		{F7173C2C-9FAC-42AC-B308-777488233B62}.SingleImage|Mixed Platforms.Build.0 = Debug|x86
		{F7173C2C-9FAC-42AC-B308-777488233B62}.SingleImage|x64.ActiveCfg = Release|x64
		{F7173C2C-9FAC-42AC-B308-777488233B62}.SingleImage|x64.Build.0 = Release|x64
		{F7173C2C-9FAC-42AC-B308-777488233B62}.SingleImage|x86.ActiveCfg = Release|x86
		{F7173C2C-9FAC-42AC-B308-777488233B62}.SingleImage|x86.Build.0 = Release|x86
		{FAF0CE12-131C-46CD-B9D9-9E2B80F2189F}.CD_ROM|Any CPU.ActiveCfg = Release|Any CPU
		{FAF0CE12-131C-46CD-B9D9-9E2B80F2189F}.CD_ROM|Any CPU.Build.0 = Release|Any CPU
		{FAF0CE12-131C-46CD-B9D9-9E2B80F2189F}.CD_ROM|Mixed Platforms.ActiveCfg = Debug|x86
		{FAF0CE12-131C-46CD-B9D9-9E2B80F2189F}.CD_ROM|Mixed Platforms.Build.0 = Debug|x86
		{FAF0CE12-131C-46CD-B9D9-9E2B80F2189F}.CD_ROM|x64.ActiveCfg = Release|x64
		{FAF0CE12-131C-46CD-B9D9-9E2B80F2189F}.CD_ROM|x64.Build.0 = Release|x64
		{FAF0CE12-131C-46CD-B9D9-9E2B80F2189F}.CD_ROM|x86.ActiveCfg = Release|x86
		{FAF0CE12-131C-46CD-B9D9-9E2B80F2189F}.CD_ROM|x86.Build.0 = Release|x86
		{FAF0CE12-131C-46CD-B9D9-9E2B80F2189F}.Debug|Any CPU.ActiveCfg = Debug|Any CPU
		{FAF0CE12-131C-46CD-B9D9-9E2B80F2189F}.Debug|Any CPU.Build.0 = Debug|Any CPU
		{FAF0CE12-131C-46CD-B9D9-9E2B80F2189F}.Debug|Mixed Platforms.ActiveCfg = Debug|x86
		{FAF0CE12-131C-46CD-B9D9-9E2B80F2189F}.Debug|Mixed Platforms.Build.0 = Debug|x86
		{FAF0CE12-131C-46CD-B9D9-9E2B80F2189F}.Debug|x64.ActiveCfg = Debug|x64
		{FAF0CE12-131C-46CD-B9D9-9E2B80F2189F}.Debug|x64.Build.0 = Debug|x64
		{FAF0CE12-131C-46CD-B9D9-9E2B80F2189F}.Debug|x86.ActiveCfg = Debug|Any CPU
		{FAF0CE12-131C-46CD-B9D9-9E2B80F2189F}.Debug|x86.Build.0 = Debug|Any CPU
		{FAF0CE12-131C-46CD-B9D9-9E2B80F2189F}.DVD-5|Any CPU.ActiveCfg = Debug|Any CPU
		{FAF0CE12-131C-46CD-B9D9-9E2B80F2189F}.DVD-5|Any CPU.Build.0 = Debug|Any CPU
		{FAF0CE12-131C-46CD-B9D9-9E2B80F2189F}.DVD-5|Mixed Platforms.ActiveCfg = Debug|x86
		{FAF0CE12-131C-46CD-B9D9-9E2B80F2189F}.DVD-5|Mixed Platforms.Build.0 = Debug|x86
		{FAF0CE12-131C-46CD-B9D9-9E2B80F2189F}.DVD-5|x64.ActiveCfg = Debug|x64
		{FAF0CE12-131C-46CD-B9D9-9E2B80F2189F}.DVD-5|x64.Build.0 = Debug|x64
		{FAF0CE12-131C-46CD-B9D9-9E2B80F2189F}.DVD-5|x86.ActiveCfg = Debug|x86
		{FAF0CE12-131C-46CD-B9D9-9E2B80F2189F}.DVD-5|x86.Build.0 = Debug|x86
		{FAF0CE12-131C-46CD-B9D9-9E2B80F2189F}.Release|Any CPU.ActiveCfg = Release|Any CPU
		{FAF0CE12-131C-46CD-B9D9-9E2B80F2189F}.Release|Any CPU.Build.0 = Release|Any CPU
		{FAF0CE12-131C-46CD-B9D9-9E2B80F2189F}.Release|Mixed Platforms.ActiveCfg = Release|x86
		{FAF0CE12-131C-46CD-B9D9-9E2B80F2189F}.Release|Mixed Platforms.Build.0 = Release|x86
		{FAF0CE12-131C-46CD-B9D9-9E2B80F2189F}.Release|x64.ActiveCfg = Release|x64
		{FAF0CE12-131C-46CD-B9D9-9E2B80F2189F}.Release|x64.Build.0 = Release|x64
		{FAF0CE12-131C-46CD-B9D9-9E2B80F2189F}.Release|x86.ActiveCfg = Release|Any CPU
		{FAF0CE12-131C-46CD-B9D9-9E2B80F2189F}.Release|x86.Build.0 = Release|Any CPU
		{FAF0CE12-131C-46CD-B9D9-9E2B80F2189F}.SingleImage|Any CPU.ActiveCfg = Release|Any CPU
		{FAF0CE12-131C-46CD-B9D9-9E2B80F2189F}.SingleImage|Any CPU.Build.0 = Release|Any CPU
		{FAF0CE12-131C-46CD-B9D9-9E2B80F2189F}.SingleImage|Mixed Platforms.ActiveCfg = Debug|x86
		{FAF0CE12-131C-46CD-B9D9-9E2B80F2189F}.SingleImage|Mixed Platforms.Build.0 = Debug|x86
		{FAF0CE12-131C-46CD-B9D9-9E2B80F2189F}.SingleImage|x64.ActiveCfg = Release|x64
		{FAF0CE12-131C-46CD-B9D9-9E2B80F2189F}.SingleImage|x64.Build.0 = Release|x64
		{FAF0CE12-131C-46CD-B9D9-9E2B80F2189F}.SingleImage|x86.ActiveCfg = Release|x86
		{FAF0CE12-131C-46CD-B9D9-9E2B80F2189F}.SingleImage|x86.Build.0 = Release|x86
		{C9915FF2-EB20-48EF-A047-489B55565984}.CD_ROM|Any CPU.ActiveCfg = Release|Any CPU
		{C9915FF2-EB20-48EF-A047-489B55565984}.CD_ROM|Any CPU.Build.0 = Release|Any CPU
		{C9915FF2-EB20-48EF-A047-489B55565984}.CD_ROM|Mixed Platforms.ActiveCfg = Release|Any CPU
		{C9915FF2-EB20-48EF-A047-489B55565984}.CD_ROM|Mixed Platforms.Build.0 = Release|Any CPU
		{C9915FF2-EB20-48EF-A047-489B55565984}.CD_ROM|x64.ActiveCfg = Release|Any CPU
		{C9915FF2-EB20-48EF-A047-489B55565984}.CD_ROM|x86.ActiveCfg = Release|Any CPU
		{C9915FF2-EB20-48EF-A047-489B55565984}.Debug|Any CPU.ActiveCfg = Debug|Any CPU
		{C9915FF2-EB20-48EF-A047-489B55565984}.Debug|Any CPU.Build.0 = Debug|Any CPU
		{C9915FF2-EB20-48EF-A047-489B55565984}.Debug|Mixed Platforms.ActiveCfg = Debug|Any CPU
		{C9915FF2-EB20-48EF-A047-489B55565984}.Debug|Mixed Platforms.Build.0 = Debug|Any CPU
		{C9915FF2-EB20-48EF-A047-489B55565984}.Debug|x64.ActiveCfg = Debug|Any CPU
		{C9915FF2-EB20-48EF-A047-489B55565984}.Debug|x86.ActiveCfg = Debug|Any CPU
		{C9915FF2-EB20-48EF-A047-489B55565984}.Debug|x86.Build.0 = Debug|Any CPU
		{C9915FF2-EB20-48EF-A047-489B55565984}.DVD-5|Any CPU.ActiveCfg = Debug|Any CPU
		{C9915FF2-EB20-48EF-A047-489B55565984}.DVD-5|Any CPU.Build.0 = Debug|Any CPU
		{C9915FF2-EB20-48EF-A047-489B55565984}.DVD-5|Mixed Platforms.ActiveCfg = Debug|Any CPU
		{C9915FF2-EB20-48EF-A047-489B55565984}.DVD-5|Mixed Platforms.Build.0 = Debug|Any CPU
		{C9915FF2-EB20-48EF-A047-489B55565984}.DVD-5|x64.ActiveCfg = Debug|Any CPU
		{C9915FF2-EB20-48EF-A047-489B55565984}.DVD-5|x86.ActiveCfg = Debug|Any CPU
		{C9915FF2-EB20-48EF-A047-489B55565984}.Release|Any CPU.ActiveCfg = Release|Any CPU
		{C9915FF2-EB20-48EF-A047-489B55565984}.Release|Any CPU.Build.0 = Release|Any CPU
		{C9915FF2-EB20-48EF-A047-489B55565984}.Release|Mixed Platforms.ActiveCfg = Release|Any CPU
		{C9915FF2-EB20-48EF-A047-489B55565984}.Release|Mixed Platforms.Build.0 = Release|Any CPU
		{C9915FF2-EB20-48EF-A047-489B55565984}.Release|x64.ActiveCfg = Release|Any CPU
		{C9915FF2-EB20-48EF-A047-489B55565984}.Release|x86.ActiveCfg = Release|Any CPU
		{C9915FF2-EB20-48EF-A047-489B55565984}.Release|x86.Build.0 = Release|Any CPU
		{C9915FF2-EB20-48EF-A047-489B55565984}.SingleImage|Any CPU.ActiveCfg = Release|Any CPU
		{C9915FF2-EB20-48EF-A047-489B55565984}.SingleImage|Any CPU.Build.0 = Release|Any CPU
		{C9915FF2-EB20-48EF-A047-489B55565984}.SingleImage|Mixed Platforms.ActiveCfg = Release|Any CPU
		{C9915FF2-EB20-48EF-A047-489B55565984}.SingleImage|Mixed Platforms.Build.0 = Release|Any CPU
		{C9915FF2-EB20-48EF-A047-489B55565984}.SingleImage|x64.ActiveCfg = Release|Any CPU
		{C9915FF2-EB20-48EF-A047-489B55565984}.SingleImage|x86.ActiveCfg = Release|Any CPU
		{259A44BB-D8B9-4F25-A4BC-A17D51A28F61}.CD_ROM|Any CPU.ActiveCfg = Release|Any CPU
		{259A44BB-D8B9-4F25-A4BC-A17D51A28F61}.CD_ROM|Any CPU.Build.0 = Release|Any CPU
		{259A44BB-D8B9-4F25-A4BC-A17D51A28F61}.CD_ROM|Mixed Platforms.ActiveCfg = Release|Any CPU
		{259A44BB-D8B9-4F25-A4BC-A17D51A28F61}.CD_ROM|Mixed Platforms.Build.0 = Release|Any CPU
		{259A44BB-D8B9-4F25-A4BC-A17D51A28F61}.CD_ROM|x64.ActiveCfg = Release|Any CPU
		{259A44BB-D8B9-4F25-A4BC-A17D51A28F61}.CD_ROM|x86.ActiveCfg = Release|Any CPU
		{259A44BB-D8B9-4F25-A4BC-A17D51A28F61}.Debug|Any CPU.ActiveCfg = Debug|Any CPU
		{259A44BB-D8B9-4F25-A4BC-A17D51A28F61}.Debug|Any CPU.Build.0 = Debug|Any CPU
		{259A44BB-D8B9-4F25-A4BC-A17D51A28F61}.Debug|Mixed Platforms.ActiveCfg = Debug|Any CPU
		{259A44BB-D8B9-4F25-A4BC-A17D51A28F61}.Debug|Mixed Platforms.Build.0 = Debug|Any CPU
		{259A44BB-D8B9-4F25-A4BC-A17D51A28F61}.Debug|x64.ActiveCfg = Debug|Any CPU
		{259A44BB-D8B9-4F25-A4BC-A17D51A28F61}.Debug|x86.ActiveCfg = Debug|Any CPU
		{259A44BB-D8B9-4F25-A4BC-A17D51A28F61}.Debug|x86.Build.0 = Debug|Any CPU
		{259A44BB-D8B9-4F25-A4BC-A17D51A28F61}.DVD-5|Any CPU.ActiveCfg = Debug|Any CPU
		{259A44BB-D8B9-4F25-A4BC-A17D51A28F61}.DVD-5|Any CPU.Build.0 = Debug|Any CPU
		{259A44BB-D8B9-4F25-A4BC-A17D51A28F61}.DVD-5|Mixed Platforms.ActiveCfg = Debug|Any CPU
		{259A44BB-D8B9-4F25-A4BC-A17D51A28F61}.DVD-5|Mixed Platforms.Build.0 = Debug|Any CPU
		{259A44BB-D8B9-4F25-A4BC-A17D51A28F61}.DVD-5|x64.ActiveCfg = Debug|Any CPU
		{259A44BB-D8B9-4F25-A4BC-A17D51A28F61}.DVD-5|x86.ActiveCfg = Debug|Any CPU
		{259A44BB-D8B9-4F25-A4BC-A17D51A28F61}.Release|Any CPU.ActiveCfg = Release|Any CPU
		{259A44BB-D8B9-4F25-A4BC-A17D51A28F61}.Release|Any CPU.Build.0 = Release|Any CPU
		{259A44BB-D8B9-4F25-A4BC-A17D51A28F61}.Release|Mixed Platforms.ActiveCfg = Release|Any CPU
		{259A44BB-D8B9-4F25-A4BC-A17D51A28F61}.Release|Mixed Platforms.Build.0 = Release|Any CPU
		{259A44BB-D8B9-4F25-A4BC-A17D51A28F61}.Release|x64.ActiveCfg = Release|Any CPU
		{259A44BB-D8B9-4F25-A4BC-A17D51A28F61}.Release|x86.ActiveCfg = Release|Any CPU
		{259A44BB-D8B9-4F25-A4BC-A17D51A28F61}.Release|x86.Build.0 = Release|Any CPU
		{259A44BB-D8B9-4F25-A4BC-A17D51A28F61}.SingleImage|Any CPU.ActiveCfg = Release|Any CPU
		{259A44BB-D8B9-4F25-A4BC-A17D51A28F61}.SingleImage|Any CPU.Build.0 = Release|Any CPU
		{259A44BB-D8B9-4F25-A4BC-A17D51A28F61}.SingleImage|Mixed Platforms.ActiveCfg = Release|Any CPU
		{259A44BB-D8B9-4F25-A4BC-A17D51A28F61}.SingleImage|Mixed Platforms.Build.0 = Release|Any CPU
		{259A44BB-D8B9-4F25-A4BC-A17D51A28F61}.SingleImage|x64.ActiveCfg = Release|Any CPU
		{259A44BB-D8B9-4F25-A4BC-A17D51A28F61}.SingleImage|x86.ActiveCfg = Release|Any CPU
		{502479B2-BC4E-472C-9F5B-0EE9CF3B4AE5}.CD_ROM|Any CPU.ActiveCfg = Release|Any CPU
		{502479B2-BC4E-472C-9F5B-0EE9CF3B4AE5}.CD_ROM|Any CPU.Build.0 = Release|Any CPU
		{502479B2-BC4E-472C-9F5B-0EE9CF3B4AE5}.CD_ROM|Mixed Platforms.ActiveCfg = Release|Any CPU
		{502479B2-BC4E-472C-9F5B-0EE9CF3B4AE5}.CD_ROM|Mixed Platforms.Build.0 = Release|Any CPU
		{502479B2-BC4E-472C-9F5B-0EE9CF3B4AE5}.CD_ROM|x64.ActiveCfg = Release|Any CPU
		{502479B2-BC4E-472C-9F5B-0EE9CF3B4AE5}.CD_ROM|x86.ActiveCfg = Release|Any CPU
		{502479B2-BC4E-472C-9F5B-0EE9CF3B4AE5}.Debug|Any CPU.ActiveCfg = Debug|Any CPU
		{502479B2-BC4E-472C-9F5B-0EE9CF3B4AE5}.Debug|Any CPU.Build.0 = Debug|Any CPU
		{502479B2-BC4E-472C-9F5B-0EE9CF3B4AE5}.Debug|Mixed Platforms.ActiveCfg = Debug|Any CPU
		{502479B2-BC4E-472C-9F5B-0EE9CF3B4AE5}.Debug|Mixed Platforms.Build.0 = Debug|Any CPU
		{502479B2-BC4E-472C-9F5B-0EE9CF3B4AE5}.Debug|x64.ActiveCfg = Debug|Any CPU
		{502479B2-BC4E-472C-9F5B-0EE9CF3B4AE5}.Debug|x86.ActiveCfg = Debug|Any CPU
		{502479B2-BC4E-472C-9F5B-0EE9CF3B4AE5}.Debug|x86.Build.0 = Debug|Any CPU
		{502479B2-BC4E-472C-9F5B-0EE9CF3B4AE5}.DVD-5|Any CPU.ActiveCfg = Debug|Any CPU
		{502479B2-BC4E-472C-9F5B-0EE9CF3B4AE5}.DVD-5|Any CPU.Build.0 = Debug|Any CPU
		{502479B2-BC4E-472C-9F5B-0EE9CF3B4AE5}.DVD-5|Mixed Platforms.ActiveCfg = Debug|Any CPU
		{502479B2-BC4E-472C-9F5B-0EE9CF3B4AE5}.DVD-5|Mixed Platforms.Build.0 = Debug|Any CPU
		{502479B2-BC4E-472C-9F5B-0EE9CF3B4AE5}.DVD-5|x64.ActiveCfg = Debug|Any CPU
		{502479B2-BC4E-472C-9F5B-0EE9CF3B4AE5}.DVD-5|x86.ActiveCfg = Debug|Any CPU
		{502479B2-BC4E-472C-9F5B-0EE9CF3B4AE5}.Release|Any CPU.ActiveCfg = Release|Any CPU
		{502479B2-BC4E-472C-9F5B-0EE9CF3B4AE5}.Release|Any CPU.Build.0 = Release|Any CPU
		{502479B2-BC4E-472C-9F5B-0EE9CF3B4AE5}.Release|Mixed Platforms.ActiveCfg = Release|Any CPU
		{502479B2-BC4E-472C-9F5B-0EE9CF3B4AE5}.Release|Mixed Platforms.Build.0 = Release|Any CPU
		{502479B2-BC4E-472C-9F5B-0EE9CF3B4AE5}.Release|x64.ActiveCfg = Release|Any CPU
		{502479B2-BC4E-472C-9F5B-0EE9CF3B4AE5}.Release|x86.ActiveCfg = Release|Any CPU
		{502479B2-BC4E-472C-9F5B-0EE9CF3B4AE5}.Release|x86.Build.0 = Release|Any CPU
		{502479B2-BC4E-472C-9F5B-0EE9CF3B4AE5}.SingleImage|Any CPU.ActiveCfg = Release|Any CPU
		{502479B2-BC4E-472C-9F5B-0EE9CF3B4AE5}.SingleImage|Any CPU.Build.0 = Release|Any CPU
		{502479B2-BC4E-472C-9F5B-0EE9CF3B4AE5}.SingleImage|Mixed Platforms.ActiveCfg = Release|Any CPU
		{502479B2-BC4E-472C-9F5B-0EE9CF3B4AE5}.SingleImage|Mixed Platforms.Build.0 = Release|Any CPU
		{502479B2-BC4E-472C-9F5B-0EE9CF3B4AE5}.SingleImage|x64.ActiveCfg = Release|Any CPU
		{502479B2-BC4E-472C-9F5B-0EE9CF3B4AE5}.SingleImage|x86.ActiveCfg = Release|Any CPU
		{1F8B1843-6F05-47BB-AE3B-A56614DA89A2}.CD_ROM|Any CPU.ActiveCfg = Release|Any CPU
		{1F8B1843-6F05-47BB-AE3B-A56614DA89A2}.CD_ROM|Any CPU.Build.0 = Release|Any CPU
		{1F8B1843-6F05-47BB-AE3B-A56614DA89A2}.CD_ROM|Mixed Platforms.ActiveCfg = Release|Any CPU
		{1F8B1843-6F05-47BB-AE3B-A56614DA89A2}.CD_ROM|Mixed Platforms.Build.0 = Release|Any CPU
		{1F8B1843-6F05-47BB-AE3B-A56614DA89A2}.CD_ROM|x64.ActiveCfg = Release|Any CPU
		{1F8B1843-6F05-47BB-AE3B-A56614DA89A2}.CD_ROM|x86.ActiveCfg = Release|Any CPU
		{1F8B1843-6F05-47BB-AE3B-A56614DA89A2}.Debug|Any CPU.ActiveCfg = Debug|Any CPU
		{1F8B1843-6F05-47BB-AE3B-A56614DA89A2}.Debug|Any CPU.Build.0 = Debug|Any CPU
		{1F8B1843-6F05-47BB-AE3B-A56614DA89A2}.Debug|Mixed Platforms.ActiveCfg = Debug|Any CPU
		{1F8B1843-6F05-47BB-AE3B-A56614DA89A2}.Debug|Mixed Platforms.Build.0 = Debug|Any CPU
		{1F8B1843-6F05-47BB-AE3B-A56614DA89A2}.Debug|x64.ActiveCfg = Debug|Any CPU
		{1F8B1843-6F05-47BB-AE3B-A56614DA89A2}.Debug|x86.ActiveCfg = Debug|Any CPU
		{1F8B1843-6F05-47BB-AE3B-A56614DA89A2}.Debug|x86.Build.0 = Debug|Any CPU
		{1F8B1843-6F05-47BB-AE3B-A56614DA89A2}.DVD-5|Any CPU.ActiveCfg = Debug|Any CPU
		{1F8B1843-6F05-47BB-AE3B-A56614DA89A2}.DVD-5|Any CPU.Build.0 = Debug|Any CPU
		{1F8B1843-6F05-47BB-AE3B-A56614DA89A2}.DVD-5|Mixed Platforms.ActiveCfg = Debug|Any CPU
		{1F8B1843-6F05-47BB-AE3B-A56614DA89A2}.DVD-5|Mixed Platforms.Build.0 = Debug|Any CPU
		{1F8B1843-6F05-47BB-AE3B-A56614DA89A2}.DVD-5|x64.ActiveCfg = Debug|Any CPU
		{1F8B1843-6F05-47BB-AE3B-A56614DA89A2}.DVD-5|x86.ActiveCfg = Debug|Any CPU
		{1F8B1843-6F05-47BB-AE3B-A56614DA89A2}.Release|Any CPU.ActiveCfg = Release|Any CPU
		{1F8B1843-6F05-47BB-AE3B-A56614DA89A2}.Release|Any CPU.Build.0 = Release|Any CPU
		{1F8B1843-6F05-47BB-AE3B-A56614DA89A2}.Release|Mixed Platforms.ActiveCfg = Release|Any CPU
		{1F8B1843-6F05-47BB-AE3B-A56614DA89A2}.Release|Mixed Platforms.Build.0 = Release|Any CPU
		{1F8B1843-6F05-47BB-AE3B-A56614DA89A2}.Release|x64.ActiveCfg = Release|Any CPU
		{1F8B1843-6F05-47BB-AE3B-A56614DA89A2}.Release|x86.ActiveCfg = Release|Any CPU
		{1F8B1843-6F05-47BB-AE3B-A56614DA89A2}.Release|x86.Build.0 = Release|Any CPU
		{1F8B1843-6F05-47BB-AE3B-A56614DA89A2}.SingleImage|Any CPU.ActiveCfg = Release|Any CPU
		{1F8B1843-6F05-47BB-AE3B-A56614DA89A2}.SingleImage|Any CPU.Build.0 = Release|Any CPU
		{1F8B1843-6F05-47BB-AE3B-A56614DA89A2}.SingleImage|Mixed Platforms.ActiveCfg = Release|Any CPU
		{1F8B1843-6F05-47BB-AE3B-A56614DA89A2}.SingleImage|Mixed Platforms.Build.0 = Release|Any CPU
		{1F8B1843-6F05-47BB-AE3B-A56614DA89A2}.SingleImage|x64.ActiveCfg = Release|Any CPU
		{1F8B1843-6F05-47BB-AE3B-A56614DA89A2}.SingleImage|x86.ActiveCfg = Release|Any CPU
		{F1D7EFB5-A0E0-4D91-BE26-5F32A8209178}.CD_ROM|Any CPU.ActiveCfg = Release|Any CPU
		{F1D7EFB5-A0E0-4D91-BE26-5F32A8209178}.CD_ROM|Any CPU.Build.0 = Release|Any CPU
		{F1D7EFB5-A0E0-4D91-BE26-5F32A8209178}.CD_ROM|Mixed Platforms.ActiveCfg = Release|Any CPU
		{F1D7EFB5-A0E0-4D91-BE26-5F32A8209178}.CD_ROM|Mixed Platforms.Build.0 = Release|Any CPU
		{F1D7EFB5-A0E0-4D91-BE26-5F32A8209178}.CD_ROM|x64.ActiveCfg = Release|Any CPU
		{F1D7EFB5-A0E0-4D91-BE26-5F32A8209178}.CD_ROM|x86.ActiveCfg = Release|Any CPU
		{F1D7EFB5-A0E0-4D91-BE26-5F32A8209178}.Debug|Any CPU.ActiveCfg = Debug|Any CPU
		{F1D7EFB5-A0E0-4D91-BE26-5F32A8209178}.Debug|Any CPU.Build.0 = Debug|Any CPU
		{F1D7EFB5-A0E0-4D91-BE26-5F32A8209178}.Debug|Mixed Platforms.ActiveCfg = Debug|Any CPU
		{F1D7EFB5-A0E0-4D91-BE26-5F32A8209178}.Debug|Mixed Platforms.Build.0 = Debug|Any CPU
		{F1D7EFB5-A0E0-4D91-BE26-5F32A8209178}.Debug|x64.ActiveCfg = Debug|Any CPU
		{F1D7EFB5-A0E0-4D91-BE26-5F32A8209178}.Debug|x86.ActiveCfg = Debug|Any CPU
		{F1D7EFB5-A0E0-4D91-BE26-5F32A8209178}.Debug|x86.Build.0 = Debug|Any CPU
		{F1D7EFB5-A0E0-4D91-BE26-5F32A8209178}.DVD-5|Any CPU.ActiveCfg = Debug|Any CPU
		{F1D7EFB5-A0E0-4D91-BE26-5F32A8209178}.DVD-5|Any CPU.Build.0 = Debug|Any CPU
		{F1D7EFB5-A0E0-4D91-BE26-5F32A8209178}.DVD-5|Mixed Platforms.ActiveCfg = Debug|Any CPU
		{F1D7EFB5-A0E0-4D91-BE26-5F32A8209178}.DVD-5|Mixed Platforms.Build.0 = Debug|Any CPU
		{F1D7EFB5-A0E0-4D91-BE26-5F32A8209178}.DVD-5|x64.ActiveCfg = Debug|Any CPU
		{F1D7EFB5-A0E0-4D91-BE26-5F32A8209178}.DVD-5|x86.ActiveCfg = Debug|Any CPU
		{F1D7EFB5-A0E0-4D91-BE26-5F32A8209178}.Release|Any CPU.ActiveCfg = Release|Any CPU
		{F1D7EFB5-A0E0-4D91-BE26-5F32A8209178}.Release|Any CPU.Build.0 = Release|Any CPU
		{F1D7EFB5-A0E0-4D91-BE26-5F32A8209178}.Release|Mixed Platforms.ActiveCfg = Release|Any CPU
		{F1D7EFB5-A0E0-4D91-BE26-5F32A8209178}.Release|Mixed Platforms.Build.0 = Release|Any CPU
		{F1D7EFB5-A0E0-4D91-BE26-5F32A8209178}.Release|x64.ActiveCfg = Release|Any CPU
		{F1D7EFB5-A0E0-4D91-BE26-5F32A8209178}.Release|x86.ActiveCfg = Release|Any CPU
		{F1D7EFB5-A0E0-4D91-BE26-5F32A8209178}.Release|x86.Build.0 = Release|Any CPU
		{F1D7EFB5-A0E0-4D91-BE26-5F32A8209178}.SingleImage|Any CPU.ActiveCfg = Release|Any CPU
		{F1D7EFB5-A0E0-4D91-BE26-5F32A8209178}.SingleImage|Any CPU.Build.0 = Release|Any CPU
		{F1D7EFB5-A0E0-4D91-BE26-5F32A8209178}.SingleImage|Mixed Platforms.ActiveCfg = Release|Any CPU
		{F1D7EFB5-A0E0-4D91-BE26-5F32A8209178}.SingleImage|Mixed Platforms.Build.0 = Release|Any CPU
		{F1D7EFB5-A0E0-4D91-BE26-5F32A8209178}.SingleImage|x64.ActiveCfg = Release|Any CPU
		{F1D7EFB5-A0E0-4D91-BE26-5F32A8209178}.SingleImage|x86.ActiveCfg = Release|Any CPU
		{3FF5B4D3-62EB-4180-9C7D-99F036539805}.CD_ROM|Any CPU.ActiveCfg = Release|Any CPU
		{3FF5B4D3-62EB-4180-9C7D-99F036539805}.CD_ROM|Any CPU.Build.0 = Release|Any CPU
		{3FF5B4D3-62EB-4180-9C7D-99F036539805}.CD_ROM|Mixed Platforms.ActiveCfg = Release|Any CPU
		{3FF5B4D3-62EB-4180-9C7D-99F036539805}.CD_ROM|Mixed Platforms.Build.0 = Release|Any CPU
		{3FF5B4D3-62EB-4180-9C7D-99F036539805}.CD_ROM|x64.ActiveCfg = Release|Any CPU
		{3FF5B4D3-62EB-4180-9C7D-99F036539805}.CD_ROM|x86.ActiveCfg = Release|Any CPU
		{3FF5B4D3-62EB-4180-9C7D-99F036539805}.Debug|Any CPU.ActiveCfg = Debug|Any CPU
		{3FF5B4D3-62EB-4180-9C7D-99F036539805}.Debug|Any CPU.Build.0 = Debug|Any CPU
		{3FF5B4D3-62EB-4180-9C7D-99F036539805}.Debug|Mixed Platforms.ActiveCfg = Debug|Any CPU
		{3FF5B4D3-62EB-4180-9C7D-99F036539805}.Debug|Mixed Platforms.Build.0 = Debug|Any CPU
		{3FF5B4D3-62EB-4180-9C7D-99F036539805}.Debug|x64.ActiveCfg = Debug|Any CPU
		{3FF5B4D3-62EB-4180-9C7D-99F036539805}.Debug|x86.ActiveCfg = Debug|Any CPU
		{3FF5B4D3-62EB-4180-9C7D-99F036539805}.Debug|x86.Build.0 = Debug|Any CPU
		{3FF5B4D3-62EB-4180-9C7D-99F036539805}.DVD-5|Any CPU.ActiveCfg = Debug|Any CPU
		{3FF5B4D3-62EB-4180-9C7D-99F036539805}.DVD-5|Any CPU.Build.0 = Debug|Any CPU
		{3FF5B4D3-62EB-4180-9C7D-99F036539805}.DVD-5|Mixed Platforms.ActiveCfg = Debug|Any CPU
		{3FF5B4D3-62EB-4180-9C7D-99F036539805}.DVD-5|Mixed Platforms.Build.0 = Debug|Any CPU
		{3FF5B4D3-62EB-4180-9C7D-99F036539805}.DVD-5|x64.ActiveCfg = Debug|Any CPU
		{3FF5B4D3-62EB-4180-9C7D-99F036539805}.DVD-5|x86.ActiveCfg = Debug|Any CPU
		{3FF5B4D3-62EB-4180-9C7D-99F036539805}.Release|Any CPU.ActiveCfg = Release|Any CPU
		{3FF5B4D3-62EB-4180-9C7D-99F036539805}.Release|Any CPU.Build.0 = Release|Any CPU
		{3FF5B4D3-62EB-4180-9C7D-99F036539805}.Release|Mixed Platforms.ActiveCfg = Release|Any CPU
		{3FF5B4D3-62EB-4180-9C7D-99F036539805}.Release|Mixed Platforms.Build.0 = Release|Any CPU
		{3FF5B4D3-62EB-4180-9C7D-99F036539805}.Release|x64.ActiveCfg = Release|Any CPU
		{3FF5B4D3-62EB-4180-9C7D-99F036539805}.Release|x86.ActiveCfg = Release|Any CPU
		{3FF5B4D3-62EB-4180-9C7D-99F036539805}.Release|x86.Build.0 = Release|Any CPU
		{3FF5B4D3-62EB-4180-9C7D-99F036539805}.SingleImage|Any CPU.ActiveCfg = Release|Any CPU
		{3FF5B4D3-62EB-4180-9C7D-99F036539805}.SingleImage|Any CPU.Build.0 = Release|Any CPU
		{3FF5B4D3-62EB-4180-9C7D-99F036539805}.SingleImage|Mixed Platforms.ActiveCfg = Release|Any CPU
		{3FF5B4D3-62EB-4180-9C7D-99F036539805}.SingleImage|Mixed Platforms.Build.0 = Release|Any CPU
		{3FF5B4D3-62EB-4180-9C7D-99F036539805}.SingleImage|x64.ActiveCfg = Release|Any CPU
		{3FF5B4D3-62EB-4180-9C7D-99F036539805}.SingleImage|x86.ActiveCfg = Release|Any CPU
		{6EFCE736-1237-4137-831C-18B26E0B56EC}.CD_ROM|Any CPU.ActiveCfg = Release|Any CPU
		{6EFCE736-1237-4137-831C-18B26E0B56EC}.CD_ROM|Any CPU.Build.0 = Release|Any CPU
		{6EFCE736-1237-4137-831C-18B26E0B56EC}.CD_ROM|Mixed Platforms.ActiveCfg = Release|Any CPU
		{6EFCE736-1237-4137-831C-18B26E0B56EC}.CD_ROM|Mixed Platforms.Build.0 = Release|Any CPU
		{6EFCE736-1237-4137-831C-18B26E0B56EC}.CD_ROM|x64.ActiveCfg = Release|Any CPU
		{6EFCE736-1237-4137-831C-18B26E0B56EC}.CD_ROM|x86.ActiveCfg = Release|Any CPU
		{6EFCE736-1237-4137-831C-18B26E0B56EC}.Debug|Any CPU.ActiveCfg = Debug|Any CPU
		{6EFCE736-1237-4137-831C-18B26E0B56EC}.Debug|Any CPU.Build.0 = Debug|Any CPU
		{6EFCE736-1237-4137-831C-18B26E0B56EC}.Debug|Mixed Platforms.ActiveCfg = Debug|Any CPU
		{6EFCE736-1237-4137-831C-18B26E0B56EC}.Debug|Mixed Platforms.Build.0 = Debug|Any CPU
		{6EFCE736-1237-4137-831C-18B26E0B56EC}.Debug|x64.ActiveCfg = Debug|Any CPU
		{6EFCE736-1237-4137-831C-18B26E0B56EC}.Debug|x86.ActiveCfg = Debug|Any CPU
		{6EFCE736-1237-4137-831C-18B26E0B56EC}.Debug|x86.Build.0 = Debug|Any CPU
		{6EFCE736-1237-4137-831C-18B26E0B56EC}.DVD-5|Any CPU.ActiveCfg = Debug|Any CPU
		{6EFCE736-1237-4137-831C-18B26E0B56EC}.DVD-5|Any CPU.Build.0 = Debug|Any CPU
		{6EFCE736-1237-4137-831C-18B26E0B56EC}.DVD-5|Mixed Platforms.ActiveCfg = Debug|Any CPU
		{6EFCE736-1237-4137-831C-18B26E0B56EC}.DVD-5|Mixed Platforms.Build.0 = Debug|Any CPU
		{6EFCE736-1237-4137-831C-18B26E0B56EC}.DVD-5|x64.ActiveCfg = Debug|Any CPU
		{6EFCE736-1237-4137-831C-18B26E0B56EC}.DVD-5|x86.ActiveCfg = Debug|Any CPU
		{6EFCE736-1237-4137-831C-18B26E0B56EC}.Release|Any CPU.ActiveCfg = Release|Any CPU
		{6EFCE736-1237-4137-831C-18B26E0B56EC}.Release|Any CPU.Build.0 = Release|Any CPU
		{6EFCE736-1237-4137-831C-18B26E0B56EC}.Release|Mixed Platforms.ActiveCfg = Release|Any CPU
		{6EFCE736-1237-4137-831C-18B26E0B56EC}.Release|Mixed Platforms.Build.0 = Release|Any CPU
		{6EFCE736-1237-4137-831C-18B26E0B56EC}.Release|x64.ActiveCfg = Release|Any CPU
		{6EFCE736-1237-4137-831C-18B26E0B56EC}.Release|x86.ActiveCfg = Release|Any CPU
		{6EFCE736-1237-4137-831C-18B26E0B56EC}.Release|x86.Build.0 = Release|Any CPU
		{6EFCE736-1237-4137-831C-18B26E0B56EC}.SingleImage|Any CPU.ActiveCfg = Release|Any CPU
		{6EFCE736-1237-4137-831C-18B26E0B56EC}.SingleImage|Any CPU.Build.0 = Release|Any CPU
		{6EFCE736-1237-4137-831C-18B26E0B56EC}.SingleImage|Mixed Platforms.ActiveCfg = Release|Any CPU
		{6EFCE736-1237-4137-831C-18B26E0B56EC}.SingleImage|Mixed Platforms.Build.0 = Release|Any CPU
		{6EFCE736-1237-4137-831C-18B26E0B56EC}.SingleImage|x64.ActiveCfg = Release|Any CPU
		{6EFCE736-1237-4137-831C-18B26E0B56EC}.SingleImage|x86.ActiveCfg = Release|Any CPU
		{FF3C4621-900A-432D-AB32-5DBEEB838C38}.CD_ROM|Any CPU.ActiveCfg = Release|Any CPU
		{FF3C4621-900A-432D-AB32-5DBEEB838C38}.CD_ROM|Any CPU.Build.0 = Release|Any CPU
		{FF3C4621-900A-432D-AB32-5DBEEB838C38}.CD_ROM|Mixed Platforms.ActiveCfg = Release|Any CPU
		{FF3C4621-900A-432D-AB32-5DBEEB838C38}.CD_ROM|Mixed Platforms.Build.0 = Release|Any CPU
		{FF3C4621-900A-432D-AB32-5DBEEB838C38}.CD_ROM|x64.ActiveCfg = Release|Any CPU
		{FF3C4621-900A-432D-AB32-5DBEEB838C38}.CD_ROM|x86.ActiveCfg = Release|Any CPU
		{FF3C4621-900A-432D-AB32-5DBEEB838C38}.Debug|Any CPU.ActiveCfg = Debug|Any CPU
		{FF3C4621-900A-432D-AB32-5DBEEB838C38}.Debug|Any CPU.Build.0 = Debug|Any CPU
		{FF3C4621-900A-432D-AB32-5DBEEB838C38}.Debug|Mixed Platforms.ActiveCfg = Debug|Any CPU
		{FF3C4621-900A-432D-AB32-5DBEEB838C38}.Debug|Mixed Platforms.Build.0 = Debug|Any CPU
		{FF3C4621-900A-432D-AB32-5DBEEB838C38}.Debug|x64.ActiveCfg = Debug|Any CPU
		{FF3C4621-900A-432D-AB32-5DBEEB838C38}.Debug|x86.ActiveCfg = Debug|Any CPU
		{FF3C4621-900A-432D-AB32-5DBEEB838C38}.Debug|x86.Build.0 = Debug|Any CPU
		{FF3C4621-900A-432D-AB32-5DBEEB838C38}.DVD-5|Any CPU.ActiveCfg = Debug|Any CPU
		{FF3C4621-900A-432D-AB32-5DBEEB838C38}.DVD-5|Any CPU.Build.0 = Debug|Any CPU
		{FF3C4621-900A-432D-AB32-5DBEEB838C38}.DVD-5|Mixed Platforms.ActiveCfg = Debug|Any CPU
		{FF3C4621-900A-432D-AB32-5DBEEB838C38}.DVD-5|Mixed Platforms.Build.0 = Debug|Any CPU
		{FF3C4621-900A-432D-AB32-5DBEEB838C38}.DVD-5|x64.ActiveCfg = Debug|Any CPU
		{FF3C4621-900A-432D-AB32-5DBEEB838C38}.DVD-5|x86.ActiveCfg = Debug|Any CPU
		{FF3C4621-900A-432D-AB32-5DBEEB838C38}.Release|Any CPU.ActiveCfg = Release|Any CPU
		{FF3C4621-900A-432D-AB32-5DBEEB838C38}.Release|Any CPU.Build.0 = Release|Any CPU
		{FF3C4621-900A-432D-AB32-5DBEEB838C38}.Release|Mixed Platforms.ActiveCfg = Release|Any CPU
		{FF3C4621-900A-432D-AB32-5DBEEB838C38}.Release|Mixed Platforms.Build.0 = Release|Any CPU
		{FF3C4621-900A-432D-AB32-5DBEEB838C38}.Release|x64.ActiveCfg = Release|Any CPU
		{FF3C4621-900A-432D-AB32-5DBEEB838C38}.Release|x86.ActiveCfg = Release|Any CPU
		{FF3C4621-900A-432D-AB32-5DBEEB838C38}.Release|x86.Build.0 = Release|Any CPU
		{FF3C4621-900A-432D-AB32-5DBEEB838C38}.SingleImage|Any CPU.ActiveCfg = Release|Any CPU
		{FF3C4621-900A-432D-AB32-5DBEEB838C38}.SingleImage|Any CPU.Build.0 = Release|Any CPU
		{FF3C4621-900A-432D-AB32-5DBEEB838C38}.SingleImage|Mixed Platforms.ActiveCfg = Release|Any CPU
		{FF3C4621-900A-432D-AB32-5DBEEB838C38}.SingleImage|Mixed Platforms.Build.0 = Release|Any CPU
		{FF3C4621-900A-432D-AB32-5DBEEB838C38}.SingleImage|x64.ActiveCfg = Release|Any CPU
		{FF3C4621-900A-432D-AB32-5DBEEB838C38}.SingleImage|x86.ActiveCfg = Release|Any CPU
		{84A5EC8D-E8E9-4881-BF1D-406C5F469C22}.CD_ROM|Any CPU.ActiveCfg = Release|Any CPU
		{84A5EC8D-E8E9-4881-BF1D-406C5F469C22}.CD_ROM|Any CPU.Build.0 = Release|Any CPU
		{84A5EC8D-E8E9-4881-BF1D-406C5F469C22}.CD_ROM|Mixed Platforms.ActiveCfg = Release|Any CPU
		{84A5EC8D-E8E9-4881-BF1D-406C5F469C22}.CD_ROM|Mixed Platforms.Build.0 = Release|Any CPU
		{84A5EC8D-E8E9-4881-BF1D-406C5F469C22}.CD_ROM|x64.ActiveCfg = Release|Any CPU
		{84A5EC8D-E8E9-4881-BF1D-406C5F469C22}.CD_ROM|x86.ActiveCfg = Release|Any CPU
		{84A5EC8D-E8E9-4881-BF1D-406C5F469C22}.Debug|Any CPU.ActiveCfg = Debug|Any CPU
		{84A5EC8D-E8E9-4881-BF1D-406C5F469C22}.Debug|Any CPU.Build.0 = Debug|Any CPU
		{84A5EC8D-E8E9-4881-BF1D-406C5F469C22}.Debug|Mixed Platforms.ActiveCfg = Debug|Any CPU
		{84A5EC8D-E8E9-4881-BF1D-406C5F469C22}.Debug|Mixed Platforms.Build.0 = Debug|Any CPU
		{84A5EC8D-E8E9-4881-BF1D-406C5F469C22}.Debug|x64.ActiveCfg = Debug|Any CPU
		{84A5EC8D-E8E9-4881-BF1D-406C5F469C22}.Debug|x86.ActiveCfg = Debug|Any CPU
		{84A5EC8D-E8E9-4881-BF1D-406C5F469C22}.Debug|x86.Build.0 = Debug|Any CPU
		{84A5EC8D-E8E9-4881-BF1D-406C5F469C22}.DVD-5|Any CPU.ActiveCfg = Debug|Any CPU
		{84A5EC8D-E8E9-4881-BF1D-406C5F469C22}.DVD-5|Any CPU.Build.0 = Debug|Any CPU
		{84A5EC8D-E8E9-4881-BF1D-406C5F469C22}.DVD-5|Mixed Platforms.ActiveCfg = Debug|Any CPU
		{84A5EC8D-E8E9-4881-BF1D-406C5F469C22}.DVD-5|Mixed Platforms.Build.0 = Debug|Any CPU
		{84A5EC8D-E8E9-4881-BF1D-406C5F469C22}.DVD-5|x64.ActiveCfg = Debug|Any CPU
		{84A5EC8D-E8E9-4881-BF1D-406C5F469C22}.DVD-5|x86.ActiveCfg = Debug|Any CPU
		{84A5EC8D-E8E9-4881-BF1D-406C5F469C22}.Release|Any CPU.ActiveCfg = Release|Any CPU
		{84A5EC8D-E8E9-4881-BF1D-406C5F469C22}.Release|Any CPU.Build.0 = Release|Any CPU
		{84A5EC8D-E8E9-4881-BF1D-406C5F469C22}.Release|Mixed Platforms.ActiveCfg = Release|Any CPU
		{84A5EC8D-E8E9-4881-BF1D-406C5F469C22}.Release|Mixed Platforms.Build.0 = Release|Any CPU
		{84A5EC8D-E8E9-4881-BF1D-406C5F469C22}.Release|x64.ActiveCfg = Release|Any CPU
		{84A5EC8D-E8E9-4881-BF1D-406C5F469C22}.Release|x86.ActiveCfg = Release|Any CPU
		{84A5EC8D-E8E9-4881-BF1D-406C5F469C22}.Release|x86.Build.0 = Release|Any CPU
		{84A5EC8D-E8E9-4881-BF1D-406C5F469C22}.SingleImage|Any CPU.ActiveCfg = Release|Any CPU
		{84A5EC8D-E8E9-4881-BF1D-406C5F469C22}.SingleImage|Any CPU.Build.0 = Release|Any CPU
		{84A5EC8D-E8E9-4881-BF1D-406C5F469C22}.SingleImage|Mixed Platforms.ActiveCfg = Release|Any CPU
		{84A5EC8D-E8E9-4881-BF1D-406C5F469C22}.SingleImage|Mixed Platforms.Build.0 = Release|Any CPU
		{84A5EC8D-E8E9-4881-BF1D-406C5F469C22}.SingleImage|x64.ActiveCfg = Release|Any CPU
		{84A5EC8D-E8E9-4881-BF1D-406C5F469C22}.SingleImage|x86.ActiveCfg = Release|Any CPU
		{DE491A6D-712E-4DE0-AF8F-34BC9CB5B4FD}.CD_ROM|Any CPU.ActiveCfg = Release|Any CPU
		{DE491A6D-712E-4DE0-AF8F-34BC9CB5B4FD}.CD_ROM|Any CPU.Build.0 = Release|Any CPU
		{DE491A6D-712E-4DE0-AF8F-34BC9CB5B4FD}.CD_ROM|Mixed Platforms.ActiveCfg = Release|Any CPU
		{DE491A6D-712E-4DE0-AF8F-34BC9CB5B4FD}.CD_ROM|Mixed Platforms.Build.0 = Release|Any CPU
		{DE491A6D-712E-4DE0-AF8F-34BC9CB5B4FD}.CD_ROM|x64.ActiveCfg = Release|Any CPU
		{DE491A6D-712E-4DE0-AF8F-34BC9CB5B4FD}.CD_ROM|x86.ActiveCfg = Release|Any CPU
		{DE491A6D-712E-4DE0-AF8F-34BC9CB5B4FD}.Debug|Any CPU.ActiveCfg = Debug|Any CPU
		{DE491A6D-712E-4DE0-AF8F-34BC9CB5B4FD}.Debug|Any CPU.Build.0 = Debug|Any CPU
		{DE491A6D-712E-4DE0-AF8F-34BC9CB5B4FD}.Debug|Mixed Platforms.ActiveCfg = Debug|Any CPU
		{DE491A6D-712E-4DE0-AF8F-34BC9CB5B4FD}.Debug|Mixed Platforms.Build.0 = Debug|Any CPU
		{DE491A6D-712E-4DE0-AF8F-34BC9CB5B4FD}.Debug|x64.ActiveCfg = Debug|Any CPU
		{DE491A6D-712E-4DE0-AF8F-34BC9CB5B4FD}.Debug|x86.ActiveCfg = Debug|Any CPU
		{DE491A6D-712E-4DE0-AF8F-34BC9CB5B4FD}.Debug|x86.Build.0 = Debug|Any CPU
		{DE491A6D-712E-4DE0-AF8F-34BC9CB5B4FD}.DVD-5|Any CPU.ActiveCfg = Debug|Any CPU
		{DE491A6D-712E-4DE0-AF8F-34BC9CB5B4FD}.DVD-5|Any CPU.Build.0 = Debug|Any CPU
		{DE491A6D-712E-4DE0-AF8F-34BC9CB5B4FD}.DVD-5|Mixed Platforms.ActiveCfg = Debug|Any CPU
		{DE491A6D-712E-4DE0-AF8F-34BC9CB5B4FD}.DVD-5|Mixed Platforms.Build.0 = Debug|Any CPU
		{DE491A6D-712E-4DE0-AF8F-34BC9CB5B4FD}.DVD-5|x64.ActiveCfg = Debug|Any CPU
		{DE491A6D-712E-4DE0-AF8F-34BC9CB5B4FD}.DVD-5|x86.ActiveCfg = Debug|Any CPU
		{DE491A6D-712E-4DE0-AF8F-34BC9CB5B4FD}.Release|Any CPU.ActiveCfg = Release|Any CPU
		{DE491A6D-712E-4DE0-AF8F-34BC9CB5B4FD}.Release|Any CPU.Build.0 = Release|Any CPU
		{DE491A6D-712E-4DE0-AF8F-34BC9CB5B4FD}.Release|Mixed Platforms.ActiveCfg = Release|Any CPU
		{DE491A6D-712E-4DE0-AF8F-34BC9CB5B4FD}.Release|Mixed Platforms.Build.0 = Release|Any CPU
		{DE491A6D-712E-4DE0-AF8F-34BC9CB5B4FD}.Release|x64.ActiveCfg = Release|Any CPU
		{DE491A6D-712E-4DE0-AF8F-34BC9CB5B4FD}.Release|x86.ActiveCfg = Release|Any CPU
		{DE491A6D-712E-4DE0-AF8F-34BC9CB5B4FD}.Release|x86.Build.0 = Release|Any CPU
		{DE491A6D-712E-4DE0-AF8F-34BC9CB5B4FD}.SingleImage|Any CPU.ActiveCfg = Release|Any CPU
		{DE491A6D-712E-4DE0-AF8F-34BC9CB5B4FD}.SingleImage|Any CPU.Build.0 = Release|Any CPU
		{DE491A6D-712E-4DE0-AF8F-34BC9CB5B4FD}.SingleImage|Mixed Platforms.ActiveCfg = Release|Any CPU
		{DE491A6D-712E-4DE0-AF8F-34BC9CB5B4FD}.SingleImage|Mixed Platforms.Build.0 = Release|Any CPU
		{DE491A6D-712E-4DE0-AF8F-34BC9CB5B4FD}.SingleImage|x64.ActiveCfg = Release|Any CPU
		{DE491A6D-712E-4DE0-AF8F-34BC9CB5B4FD}.SingleImage|x86.ActiveCfg = Release|Any CPU
		{59C26579-6D1C-4D91-A610-C4C6A0121803}.CD_ROM|Any CPU.ActiveCfg = Release|Any CPU
		{59C26579-6D1C-4D91-A610-C4C6A0121803}.CD_ROM|Any CPU.Build.0 = Release|Any CPU
		{59C26579-6D1C-4D91-A610-C4C6A0121803}.CD_ROM|Mixed Platforms.ActiveCfg = Release|Any CPU
		{59C26579-6D1C-4D91-A610-C4C6A0121803}.CD_ROM|Mixed Platforms.Build.0 = Release|Any CPU
		{59C26579-6D1C-4D91-A610-C4C6A0121803}.CD_ROM|x64.ActiveCfg = Release|Any CPU
		{59C26579-6D1C-4D91-A610-C4C6A0121803}.CD_ROM|x86.ActiveCfg = Release|Any CPU
		{59C26579-6D1C-4D91-A610-C4C6A0121803}.Debug|Any CPU.ActiveCfg = Debug|Any CPU
		{59C26579-6D1C-4D91-A610-C4C6A0121803}.Debug|Any CPU.Build.0 = Debug|Any CPU
		{59C26579-6D1C-4D91-A610-C4C6A0121803}.Debug|Mixed Platforms.ActiveCfg = Debug|Any CPU
		{59C26579-6D1C-4D91-A610-C4C6A0121803}.Debug|Mixed Platforms.Build.0 = Debug|Any CPU
		{59C26579-6D1C-4D91-A610-C4C6A0121803}.Debug|x64.ActiveCfg = Debug|Any CPU
		{59C26579-6D1C-4D91-A610-C4C6A0121803}.Debug|x86.ActiveCfg = Debug|Any CPU
		{59C26579-6D1C-4D91-A610-C4C6A0121803}.Debug|x86.Build.0 = Debug|Any CPU
		{59C26579-6D1C-4D91-A610-C4C6A0121803}.DVD-5|Any CPU.ActiveCfg = Debug|Any CPU
		{59C26579-6D1C-4D91-A610-C4C6A0121803}.DVD-5|Any CPU.Build.0 = Debug|Any CPU
		{59C26579-6D1C-4D91-A610-C4C6A0121803}.DVD-5|Mixed Platforms.ActiveCfg = Debug|Any CPU
		{59C26579-6D1C-4D91-A610-C4C6A0121803}.DVD-5|Mixed Platforms.Build.0 = Debug|Any CPU
		{59C26579-6D1C-4D91-A610-C4C6A0121803}.DVD-5|x64.ActiveCfg = Debug|Any CPU
		{59C26579-6D1C-4D91-A610-C4C6A0121803}.DVD-5|x86.ActiveCfg = Debug|Any CPU
		{59C26579-6D1C-4D91-A610-C4C6A0121803}.Release|Any CPU.ActiveCfg = Release|Any CPU
		{59C26579-6D1C-4D91-A610-C4C6A0121803}.Release|Any CPU.Build.0 = Release|Any CPU
		{59C26579-6D1C-4D91-A610-C4C6A0121803}.Release|Mixed Platforms.ActiveCfg = Release|Any CPU
		{59C26579-6D1C-4D91-A610-C4C6A0121803}.Release|Mixed Platforms.Build.0 = Release|Any CPU
		{59C26579-6D1C-4D91-A610-C4C6A0121803}.Release|x64.ActiveCfg = Release|Any CPU
		{59C26579-6D1C-4D91-A610-C4C6A0121803}.Release|x86.ActiveCfg = Release|Any CPU
		{59C26579-6D1C-4D91-A610-C4C6A0121803}.Release|x86.Build.0 = Release|Any CPU
		{59C26579-6D1C-4D91-A610-C4C6A0121803}.SingleImage|Any CPU.ActiveCfg = Release|Any CPU
		{59C26579-6D1C-4D91-A610-C4C6A0121803}.SingleImage|Any CPU.Build.0 = Release|Any CPU
		{59C26579-6D1C-4D91-A610-C4C6A0121803}.SingleImage|Mixed Platforms.ActiveCfg = Release|Any CPU
		{59C26579-6D1C-4D91-A610-C4C6A0121803}.SingleImage|Mixed Platforms.Build.0 = Release|Any CPU
		{59C26579-6D1C-4D91-A610-C4C6A0121803}.SingleImage|x64.ActiveCfg = Release|Any CPU
		{59C26579-6D1C-4D91-A610-C4C6A0121803}.SingleImage|x86.ActiveCfg = Release|Any CPU
		{DAAA57DF-1FD3-454C-A6C2-A87C9997F383}.CD_ROM|Any CPU.ActiveCfg = Release|Any CPU
		{DAAA57DF-1FD3-454C-A6C2-A87C9997F383}.CD_ROM|Any CPU.Build.0 = Release|Any CPU
		{DAAA57DF-1FD3-454C-A6C2-A87C9997F383}.CD_ROM|Mixed Platforms.ActiveCfg = Release|Any CPU
		{DAAA57DF-1FD3-454C-A6C2-A87C9997F383}.CD_ROM|Mixed Platforms.Build.0 = Release|Any CPU
		{DAAA57DF-1FD3-454C-A6C2-A87C9997F383}.CD_ROM|x64.ActiveCfg = Release|Any CPU
		{DAAA57DF-1FD3-454C-A6C2-A87C9997F383}.CD_ROM|x86.ActiveCfg = Release|Any CPU
		{DAAA57DF-1FD3-454C-A6C2-A87C9997F383}.Debug|Any CPU.ActiveCfg = Debug|Any CPU
		{DAAA57DF-1FD3-454C-A6C2-A87C9997F383}.Debug|Any CPU.Build.0 = Debug|Any CPU
		{DAAA57DF-1FD3-454C-A6C2-A87C9997F383}.Debug|Mixed Platforms.ActiveCfg = Debug|Any CPU
		{DAAA57DF-1FD3-454C-A6C2-A87C9997F383}.Debug|Mixed Platforms.Build.0 = Debug|Any CPU
		{DAAA57DF-1FD3-454C-A6C2-A87C9997F383}.Debug|x64.ActiveCfg = Debug|Any CPU
		{DAAA57DF-1FD3-454C-A6C2-A87C9997F383}.Debug|x86.ActiveCfg = Debug|Any CPU
		{DAAA57DF-1FD3-454C-A6C2-A87C9997F383}.Debug|x86.Build.0 = Debug|Any CPU
		{DAAA57DF-1FD3-454C-A6C2-A87C9997F383}.DVD-5|Any CPU.ActiveCfg = Debug|Any CPU
		{DAAA57DF-1FD3-454C-A6C2-A87C9997F383}.DVD-5|Any CPU.Build.0 = Debug|Any CPU
		{DAAA57DF-1FD3-454C-A6C2-A87C9997F383}.DVD-5|Mixed Platforms.ActiveCfg = Debug|Any CPU
		{DAAA57DF-1FD3-454C-A6C2-A87C9997F383}.DVD-5|Mixed Platforms.Build.0 = Debug|Any CPU
		{DAAA57DF-1FD3-454C-A6C2-A87C9997F383}.DVD-5|x64.ActiveCfg = Debug|Any CPU
		{DAAA57DF-1FD3-454C-A6C2-A87C9997F383}.DVD-5|x86.ActiveCfg = Debug|Any CPU
		{DAAA57DF-1FD3-454C-A6C2-A87C9997F383}.Release|Any CPU.ActiveCfg = Release|Any CPU
		{DAAA57DF-1FD3-454C-A6C2-A87C9997F383}.Release|Any CPU.Build.0 = Release|Any CPU
		{DAAA57DF-1FD3-454C-A6C2-A87C9997F383}.Release|Mixed Platforms.ActiveCfg = Release|Any CPU
		{DAAA57DF-1FD3-454C-A6C2-A87C9997F383}.Release|Mixed Platforms.Build.0 = Release|Any CPU
		{DAAA57DF-1FD3-454C-A6C2-A87C9997F383}.Release|x64.ActiveCfg = Release|Any CPU
		{DAAA57DF-1FD3-454C-A6C2-A87C9997F383}.Release|x86.ActiveCfg = Release|Any CPU
		{DAAA57DF-1FD3-454C-A6C2-A87C9997F383}.Release|x86.Build.0 = Release|Any CPU
		{DAAA57DF-1FD3-454C-A6C2-A87C9997F383}.SingleImage|Any CPU.ActiveCfg = Release|Any CPU
		{DAAA57DF-1FD3-454C-A6C2-A87C9997F383}.SingleImage|Any CPU.Build.0 = Release|Any CPU
		{DAAA57DF-1FD3-454C-A6C2-A87C9997F383}.SingleImage|Mixed Platforms.ActiveCfg = Release|Any CPU
		{DAAA57DF-1FD3-454C-A6C2-A87C9997F383}.SingleImage|Mixed Platforms.Build.0 = Release|Any CPU
		{DAAA57DF-1FD3-454C-A6C2-A87C9997F383}.SingleImage|x64.ActiveCfg = Release|Any CPU
		{DAAA57DF-1FD3-454C-A6C2-A87C9997F383}.SingleImage|x86.ActiveCfg = Release|Any CPU
		{E6326FDC-0D2F-4377-891F-A4B4BA23091C}.CD_ROM|Any CPU.ActiveCfg = Release|Any CPU
		{E6326FDC-0D2F-4377-891F-A4B4BA23091C}.CD_ROM|Any CPU.Build.0 = Release|Any CPU
		{E6326FDC-0D2F-4377-891F-A4B4BA23091C}.CD_ROM|Mixed Platforms.ActiveCfg = Release|Any CPU
		{E6326FDC-0D2F-4377-891F-A4B4BA23091C}.CD_ROM|Mixed Platforms.Build.0 = Release|Any CPU
		{E6326FDC-0D2F-4377-891F-A4B4BA23091C}.CD_ROM|x64.ActiveCfg = Release|Any CPU
		{E6326FDC-0D2F-4377-891F-A4B4BA23091C}.CD_ROM|x86.ActiveCfg = Release|Any CPU
		{E6326FDC-0D2F-4377-891F-A4B4BA23091C}.Debug|Any CPU.ActiveCfg = Debug|Any CPU
		{E6326FDC-0D2F-4377-891F-A4B4BA23091C}.Debug|Any CPU.Build.0 = Debug|Any CPU
		{E6326FDC-0D2F-4377-891F-A4B4BA23091C}.Debug|Mixed Platforms.ActiveCfg = Debug|Any CPU
		{E6326FDC-0D2F-4377-891F-A4B4BA23091C}.Debug|Mixed Platforms.Build.0 = Debug|Any CPU
		{E6326FDC-0D2F-4377-891F-A4B4BA23091C}.Debug|x64.ActiveCfg = Debug|Any CPU
		{E6326FDC-0D2F-4377-891F-A4B4BA23091C}.Debug|x86.ActiveCfg = Debug|Any CPU
		{E6326FDC-0D2F-4377-891F-A4B4BA23091C}.Debug|x86.Build.0 = Debug|Any CPU
		{E6326FDC-0D2F-4377-891F-A4B4BA23091C}.DVD-5|Any CPU.ActiveCfg = Debug|Any CPU
		{E6326FDC-0D2F-4377-891F-A4B4BA23091C}.DVD-5|Any CPU.Build.0 = Debug|Any CPU
		{E6326FDC-0D2F-4377-891F-A4B4BA23091C}.DVD-5|Mixed Platforms.ActiveCfg = Debug|Any CPU
		{E6326FDC-0D2F-4377-891F-A4B4BA23091C}.DVD-5|Mixed Platforms.Build.0 = Debug|Any CPU
		{E6326FDC-0D2F-4377-891F-A4B4BA23091C}.DVD-5|x64.ActiveCfg = Debug|Any CPU
		{E6326FDC-0D2F-4377-891F-A4B4BA23091C}.DVD-5|x86.ActiveCfg = Debug|Any CPU
		{E6326FDC-0D2F-4377-891F-A4B4BA23091C}.Release|Any CPU.ActiveCfg = Release|Any CPU
		{E6326FDC-0D2F-4377-891F-A4B4BA23091C}.Release|Any CPU.Build.0 = Release|Any CPU
		{E6326FDC-0D2F-4377-891F-A4B4BA23091C}.Release|Mixed Platforms.ActiveCfg = Release|Any CPU
		{E6326FDC-0D2F-4377-891F-A4B4BA23091C}.Release|Mixed Platforms.Build.0 = Release|Any CPU
		{E6326FDC-0D2F-4377-891F-A4B4BA23091C}.Release|x64.ActiveCfg = Release|Any CPU
		{E6326FDC-0D2F-4377-891F-A4B4BA23091C}.Release|x86.ActiveCfg = Release|Any CPU
		{E6326FDC-0D2F-4377-891F-A4B4BA23091C}.Release|x86.Build.0 = Release|Any CPU
		{E6326FDC-0D2F-4377-891F-A4B4BA23091C}.SingleImage|Any CPU.ActiveCfg = Release|Any CPU
		{E6326FDC-0D2F-4377-891F-A4B4BA23091C}.SingleImage|Any CPU.Build.0 = Release|Any CPU
		{E6326FDC-0D2F-4377-891F-A4B4BA23091C}.SingleImage|Mixed Platforms.ActiveCfg = Release|Any CPU
		{E6326FDC-0D2F-4377-891F-A4B4BA23091C}.SingleImage|Mixed Platforms.Build.0 = Release|Any CPU
		{E6326FDC-0D2F-4377-891F-A4B4BA23091C}.SingleImage|x64.ActiveCfg = Release|Any CPU
		{E6326FDC-0D2F-4377-891F-A4B4BA23091C}.SingleImage|x86.ActiveCfg = Release|Any CPU
	EndGlobalSection
	GlobalSection(SolutionProperties) = preSolution
		HideSolutionNode = FALSE
	EndGlobalSection
	GlobalSection(NestedProjects) = preSolution
		{C9915FF2-EB20-48EF-A047-489B55565984} = {92C4106E-CCED-44F6-8650-5675F6B64C82}
		{502479B2-BC4E-472C-9F5B-0EE9CF3B4AE5} = {92C4106E-CCED-44F6-8650-5675F6B64C82}
		{1F8B1843-6F05-47BB-AE3B-A56614DA89A2} = {92C4106E-CCED-44F6-8650-5675F6B64C82}
		{F1D7EFB5-A0E0-4D91-BE26-5F32A8209178} = {92C4106E-CCED-44F6-8650-5675F6B64C82}
		{3FF5B4D3-62EB-4180-9C7D-99F036539805} = {92C4106E-CCED-44F6-8650-5675F6B64C82}
		{6EFCE736-1237-4137-831C-18B26E0B56EC} = {92C4106E-CCED-44F6-8650-5675F6B64C82}
		{FF3C4621-900A-432D-AB32-5DBEEB838C38} = {92C4106E-CCED-44F6-8650-5675F6B64C82}
		{84A5EC8D-E8E9-4881-BF1D-406C5F469C22} = {92C4106E-CCED-44F6-8650-5675F6B64C82}
		{DE491A6D-712E-4DE0-AF8F-34BC9CB5B4FD} = {92C4106E-CCED-44F6-8650-5675F6B64C82}
		{59C26579-6D1C-4D91-A610-C4C6A0121803} = {92C4106E-CCED-44F6-8650-5675F6B64C82}
		{DAAA57DF-1FD3-454C-A6C2-A87C9997F383} = {92C4106E-CCED-44F6-8650-5675F6B64C82}
		{E6326FDC-0D2F-4377-891F-A4B4BA23091C} = {92C4106E-CCED-44F6-8650-5675F6B64C82}
	EndGlobalSection
EndGlobal
